// !$*UTF8*$!
{
	archiveVersion = 1;
	classes = {
	};
	objectVersion = 46;
	objects = {

/* Begin PBXBuildFile section */
		9BEAB28F1AB7758F0096F3A4 /* AppDelegate.swift in Sources */ = {isa = PBXBuildFile; fileRef = 9BEAB28E1AB7758F0096F3A4 /* AppDelegate.swift */; };
		9BEAB2911AB7758F0096F3A4 /* ViewController.swift in Sources */ = {isa = PBXBuildFile; fileRef = 9BEAB2901AB7758F0096F3A4 /* ViewController.swift */; };
		9BEAB2941AB775900096F3A4 /* Main.storyboard in Resources */ = {isa = PBXBuildFile; fileRef = 9BEAB2921AB775900096F3A4 /* Main.storyboard */; };
		9BEAB2961AB775900096F3A4 /* Images.xcassets in Resources */ = {isa = PBXBuildFile; fileRef = 9BEAB2951AB775900096F3A4 /* Images.xcassets */; };
		9BEAB2991AB775900096F3A4 /* LaunchScreen.xib in Resources */ = {isa = PBXBuildFile; fileRef = 9BEAB2971AB775900096F3A4 /* LaunchScreen.xib */; };
		9BEAB2A51AB775900096F3A4 /* ModalTransitionTests.swift in Sources */ = {isa = PBXBuildFile; fileRef = 9BEAB2A41AB775900096F3A4 /* ModalTransitionTests.swift */; };
/* End PBXBuildFile section */

/* Begin PBXContainerItemProxy section */
		9BEAB29F1AB775900096F3A4 /* PBXContainerItemProxy */ = {
			isa = PBXContainerItemProxy;
			containerPortal = 9BEAB2811AB7758F0096F3A4 /* Project object */;
			proxyType = 1;
			remoteGlobalIDString = 9BEAB2881AB7758F0096F3A4;
			remoteInfo = ModalTransition;
		};
/* End PBXContainerItemProxy section */

/* Begin PBXFileReference section */
		9BEAB2891AB7758F0096F3A4 /* ModalTransition.app */ = {isa = PBXFileReference; explicitFileType = wrapper.application; includeInIndex = 0; path = ModalTransition.app; sourceTree = BUILT_PRODUCTS_DIR; };
		9BEAB28D1AB7758F0096F3A4 /* Info.plist */ = {isa = PBXFileReference; lastKnownFileType = text.plist.xml; path = Info.plist; sourceTree = "<group>"; };
		9BEAB28E1AB7758F0096F3A4 /* AppDelegate.swift */ = {isa = PBXFileReference; lastKnownFileType = sourcecode.swift; path = AppDelegate.swift; sourceTree = "<group>"; };
		9BEAB2901AB7758F0096F3A4 /* ViewController.swift */ = {isa = PBXFileReference; lastKnownFileType = sourcecode.swift; path = ViewController.swift; sourceTree = "<group>"; };
		9BEAB2931AB775900096F3A4 /* Base */ = {isa = PBXFileReference; lastKnownFileType = file.storyboard; name = Base; path = Base.lproj/Main.storyboard; sourceTree = "<group>"; };
		9BEAB2951AB775900096F3A4 /* Images.xcassets */ = {isa = PBXFileReference; lastKnownFileType = folder.assetcatalog; path = Images.xcassets; sourceTree = "<group>"; };
		9BEAB2981AB775900096F3A4 /* Base */ = {isa = PBXFileReference; lastKnownFileType = file.xib; name = Base; path = Base.lproj/LaunchScreen.xib; sourceTree = "<group>"; };
		9BEAB29E1AB775900096F3A4 /* ModalTransitionTests.xctest */ = {isa = PBXFileReference; explicitFileType = wrapper.cfbundle; includeInIndex = 0; path = ModalTransitionTests.xctest; sourceTree = BUILT_PRODUCTS_DIR; };
		9BEAB2A31AB775900096F3A4 /* Info.plist */ = {isa = PBXFileReference; lastKnownFileType = text.plist.xml; path = Info.plist; sourceTree = "<group>"; };
		9BEAB2A41AB775900096F3A4 /* ModalTransitionTests.swift */ = {isa = PBXFileReference; lastKnownFileType = sourcecode.swift; path = ModalTransitionTests.swift; sourceTree = "<group>"; };
/* End PBXFileReference section */

/* Begin PBXFrameworksBuildPhase section */
		9BEAB2861AB7758F0096F3A4 /* Frameworks */ = {
			isa = PBXFrameworksBuildPhase;
			buildActionMask = 2147483647;
			files = (
			);
			runOnlyForDeploymentPostprocessing = 0;
		};
		9BEAB29B1AB775900096F3A4 /* Frameworks */ = {
			isa = PBXFrameworksBuildPhase;
			buildActionMask = 2147483647;
			files = (
			);
			runOnlyForDeploymentPostprocessing = 0;
		};
/* End PBXFrameworksBuildPhase section */

/* Begin PBXGroup section */
		9BEAB2801AB7758F0096F3A4 = {
			isa = PBXGroup;
			children = (
				9BEAB28B1AB7758F0096F3A4 /* ModalTransition */,
				9BEAB2A11AB775900096F3A4 /* ModalTransitionTests */,
				9BEAB28A1AB7758F0096F3A4 /* Products */,
			);
			sourceTree = "<group>";
		};
		9BEAB28A1AB7758F0096F3A4 /* Products */ = {
			isa = PBXGroup;
			children = (
				9BEAB2891AB7758F0096F3A4 /* ModalTransition.app */,
				9BEAB29E1AB775900096F3A4 /* ModalTransitionTests.xctest */,
			);
			name = Products;
			sourceTree = "<group>";
		};
		9BEAB28B1AB7758F0096F3A4 /* ModalTransition */ = {
			isa = PBXGroup;
			children = (
				9BEAB28E1AB7758F0096F3A4 /* AppDelegate.swift */,
				9BEAB2901AB7758F0096F3A4 /* ViewController.swift */,
				9BEAB2921AB775900096F3A4 /* Main.storyboard */,
				9BEAB2951AB775900096F3A4 /* Images.xcassets */,
				9BEAB2971AB775900096F3A4 /* LaunchScreen.xib */,
				9BEAB28C1AB7758F0096F3A4 /* Supporting Files */,
			);
			path = ModalTransition;
			sourceTree = "<group>";
		};
		9BEAB28C1AB7758F0096F3A4 /* Supporting Files */ = {
			isa = PBXGroup;
			children = (
				9BEAB28D1AB7758F0096F3A4 /* Info.plist */,
			);
			name = "Supporting Files";
			sourceTree = "<group>";
		};
		9BEAB2A11AB775900096F3A4 /* ModalTransitionTests */ = {
			isa = PBXGroup;
			children = (
				9BEAB2A41AB775900096F3A4 /* ModalTransitionTests.swift */,
				9BEAB2A21AB775900096F3A4 /* Supporting Files */,
			);
			path = ModalTransitionTests;
			sourceTree = "<group>";
		};
		9BEAB2A21AB775900096F3A4 /* Supporting Files */ = {
			isa = PBXGroup;
			children = (
				9BEAB2A31AB775900096F3A4 /* Info.plist */,
			);
			name = "Supporting Files";
			sourceTree = "<group>";
		};
/* End PBXGroup section */

/* Begin PBXNativeTarget section */
		9BEAB2881AB7758F0096F3A4 /* ModalTransition */ = {
			isa = PBXNativeTarget;
			buildConfigurationList = 9BEAB2A81AB775900096F3A4 /* Build configuration list for PBXNativeTarget "ModalTransition" */;
			buildPhases = (
				9BEAB2851AB7758F0096F3A4 /* Sources */,
				9BEAB2861AB7758F0096F3A4 /* Frameworks */,
				9BEAB2871AB7758F0096F3A4 /* Resources */,
			);
			buildRules = (
			);
			dependencies = (
			);
			name = ModalTransition;
			productName = ModalTransition;
			productReference = 9BEAB2891AB7758F0096F3A4 /* ModalTransition.app */;
			productType = "com.apple.product-type.application";
		};
		9BEAB29D1AB775900096F3A4 /* ModalTransitionTests */ = {
			isa = PBXNativeTarget;
			buildConfigurationList = 9BEAB2AB1AB775900096F3A4 /* Build configuration list for PBXNativeTarget "ModalTransitionTests" */;
			buildPhases = (
				9BEAB29A1AB775900096F3A4 /* Sources */,
				9BEAB29B1AB775900096F3A4 /* Frameworks */,
				9BEAB29C1AB775900096F3A4 /* Resources */,
			);
			buildRules = (
			);
			dependencies = (
				9BEAB2A01AB775900096F3A4 /* PBXTargetDependency */,
			);
			name = ModalTransitionTests;
			productName = ModalTransitionTests;
			productReference = 9BEAB29E1AB775900096F3A4 /* ModalTransitionTests.xctest */;
			productType = "com.apple.product-type.bundle.unit-test";
		};
/* End PBXNativeTarget section */

/* Begin PBXProject section */
		9BEAB2811AB7758F0096F3A4 /* Project object */ = {
			isa = PBXProject;
			attributes = {
				LastUpgradeCheck = 0620;
				ORGANIZATIONNAME = "Roundwall Software";
				TargetAttributes = {
					9BEAB2881AB7758F0096F3A4 = {
						CreatedOnToolsVersion = 6.2;
					};
					9BEAB29D1AB775900096F3A4 = {
						CreatedOnToolsVersion = 6.2;
						TestTargetID = 9BEAB2881AB7758F0096F3A4;
					};
				};
			};
			buildConfigurationList = 9BEAB2841AB7758F0096F3A4 /* Build configuration list for PBXProject "ModalTransition" */;
			compatibilityVersion = "Xcode 3.2";
			developmentRegion = English;
			hasScannedForEncodings = 0;
			knownRegions = (
				en,
				Base,
			);
			mainGroup = 9BEAB2801AB7758F0096F3A4;
			productRefGroup = 9BEAB28A1AB7758F0096F3A4 /* Products */;
			projectDirPath = "";
			projectRoot = "";
			targets = (
				9BEAB2881AB7758F0096F3A4 /* ModalTransition */,
				9BEAB29D1AB775900096F3A4 /* ModalTransitionTests */,
			);
		};
/* End PBXProject section */

/* Begin PBXResourcesBuildPhase section */
		9BEAB2871AB7758F0096F3A4 /* Resources */ = {
			isa = PBXResourcesBuildPhase;
			buildActionMask = 2147483647;
			files = (
				9BEAB2941AB775900096F3A4 /* Main.storyboard in Resources */,
				9BEAB2991AB775900096F3A4 /* LaunchScreen.xib in Resources */,
				9BEAB2961AB775900096F3A4 /* Images.xcassets in Resources */,
			);
			runOnlyForDeploymentPostprocessing = 0;
		};
		9BEAB29C1AB775900096F3A4 /* Resources */ = {
			isa = PBXResourcesBuildPhase;
			buildActionMask = 2147483647;
			files = (
			);
			runOnlyForDeploymentPostprocessing = 0;
		};
/* End PBXResourcesBuildPhase section */

/* Begin PBXSourcesBuildPhase section */
		9BEAB2851AB7758F0096F3A4 /* Sources */ = {
			isa = PBXSourcesBuildPhase;
			buildActionMask = 2147483647;
			files = (
				9BEAB2911AB7758F0096F3A4 /* ViewController.swift in Sources */,
				9BEAB28F1AB7758F0096F3A4 /* AppDelegate.swift in Sources */,
			);
			runOnlyForDeploymentPostprocessing = 0;
		};
		9BEAB29A1AB775900096F3A4 /* Sources */ = {
			isa = PBXSourcesBuildPhase;
			buildActionMask = 2147483647;
			files = (
				9BEAB2A51AB775900096F3A4 /* ModalTransitionTests.swift in Sources */,
			);
			runOnlyForDeploymentPostprocessing = 0;
		};
/* End PBXSourcesBuildPhase section */

/* Begin PBXTargetDependency section */
		9BEAB2A01AB775900096F3A4 /* PBXTargetDependency */ = {
			isa = PBXTargetDependency;
			target = 9BEAB2881AB7758F0096F3A4 /* ModalTransition */;
			targetProxy = 9BEAB29F1AB775900096F3A4 /* PBXContainerItemProxy */;
		};
/* End PBXTargetDependency section */

/* Begin PBXVariantGroup section */
		9BEAB2921AB775900096F3A4 /* Main.storyboard */ = {
			isa = PBXVariantGroup;
			children = (
				9BEAB2931AB775900096F3A4 /* Base */,
			);
			name = Main.storyboard;
			sourceTree = "<group>";
		};
		9BEAB2971AB775900096F3A4 /* LaunchScreen.xib */ = {
			isa = PBXVariantGroup;
			children = (
				9BEAB2981AB775900096F3A4 /* Base */,
			);
			name = LaunchScreen.xib;
			sourceTree = "<group>";
		};
/* End PBXVariantGroup section */

/* Begin XCBuildConfiguration section */
		9BEAB2A61AB775900096F3A4 /* Debug */ = {
			isa = XCBuildConfiguration;
			buildSettings = {
				ALWAYS_SEARCH_USER_PATHS = NO;
				CLANG_CXX_LANGUAGE_STANDARD = "gnu++0x";
				CLANG_CXX_LIBRARY = "libc++";
				CLANG_ENABLE_MODULES = YES;
				CLANG_ENABLE_OBJC_ARC = YES;
				CLANG_WARN_BOOL_CONVERSION = YES;
				CLANG_WARN_CONSTANT_CONVERSION = YES;
				CLANG_WARN_DIRECT_OBJC_ISA_USAGE = YES_ERROR;
				CLANG_WARN_EMPTY_BODY = YES;
				CLANG_WARN_ENUM_CONVERSION = YES;
				CLANG_WARN_INT_CONVERSION = YES;
				CLANG_WARN_OBJC_ROOT_CLASS = YES_ERROR;
				CLANG_WARN_UNREACHABLE_CODE = YES;
				CLANG_WARN__DUPLICATE_METHOD_MATCH = YES;
				"CODE_SIGN_IDENTITY[sdk=iphoneos*]" = "iPhone Developer";
				COPY_PHASE_STRIP = NO;
				ENABLE_STRICT_OBJC_MSGSEND = YES;
				GCC_C_LANGUAGE_STANDARD = gnu99;
				GCC_DYNAMIC_NO_PIC = NO;
				GCC_OPTIMIZATION_LEVEL = 0;
				GCC_PREPROCESSOR_DEFINITIONS = (
					"DEBUG=1",
					"$(inherited)",
				);
				GCC_SYMBOLS_PRIVATE_EXTERN = NO;
				GCC_WARN_64_TO_32_BIT_CONVERSION = YES;
				GCC_WARN_ABOUT_RETURN_TYPE = YES_ERROR;
				GCC_WARN_UNDECLARED_SELECTOR = YES;
				GCC_WARN_UNINITIALIZED_AUTOS = YES_AGGRESSIVE;
				GCC_WARN_UNUSED_FUNCTION = YES;
				GCC_WARN_UNUSED_VARIABLE = YES;
				IPHONEOS_DEPLOYMENT_TARGET = 8.2;
				MTL_ENABLE_DEBUG_INFO = YES;
				ONLY_ACTIVE_ARCH = YES;
				SDKROOT = iphoneos;
				SWIFT_OPTIMIZATION_LEVEL = "-Onone";
			};
			name = Debug;
		};
		9BEAB2A71AB775900096F3A4 /* Release */ = {
			isa = XCBuildConfiguration;
			buildSettings = {
				ALWAYS_SEARCH_USER_PATHS = NO;
				CLANG_CXX_LANGUAGE_STANDARD = "gnu++0x";
				CLANG_CXX_LIBRARY = "libc++";
				CLANG_ENABLE_MODULES = YES;
				CLANG_ENABLE_OBJC_ARC = YES;
				CLANG_WARN_BOOL_CONVERSION = YES;
				CLANG_WARN_CONSTANT_CONVERSION = YES;
				CLANG_WARN_DIRECT_OBJC_ISA_USAGE = YES_ERROR;
				CLANG_WARN_EMPTY_BODY = YES;
				CLANG_WARN_ENUM_CONVERSION = YES;
				CLANG_WARN_INT_CONVERSION = YES;
				CLANG_WARN_OBJC_ROOT_CLASS = YES_ERROR;
				CLANG_WARN_UNREACHABLE_CODE = YES;
				CLANG_WARN__DUPLICATE_METHOD_MATCH = YES;
				"CODE_SIGN_IDENTITY[sdk=iphoneos*]" = "iPhone Developer";
				COPY_PHASE_STRIP = NO;
				ENABLE_NS_ASSERTIONS = NO;
				ENABLE_STRICT_OBJC_MSGSEND = YES;
				GCC_C_LANGUAGE_STANDARD = gnu99;
				GCC_WARN_64_TO_32_BIT_CONVERSION = YES;
				GCC_WARN_ABOUT_RETURN_TYPE = YES_ERROR;
				GCC_WARN_UNDECLARED_SELECTOR = YES;
				GCC_WARN_UNINITIALIZED_AUTOS = YES_AGGRESSIVE;
				GCC_WARN_UNUSED_FUNCTION = YES;
				GCC_WARN_UNUSED_VARIABLE = YES;
				IPHONEOS_DEPLOYMENT_TARGET = 8.2;
				MTL_ENABLE_DEBUG_INFO = NO;
				SDKROOT = iphoneos;
				VALIDATE_PRODUCT = YES;
			};
			name = Release;
		};
		9BEAB2A91AB775900096F3A4 /* Debug */ = {
			isa = XCBuildConfiguration;
			buildSettings = {
				ASSETCATALOG_COMPILER_APPICON_NAME = AppIcon;
				INFOPLIST_FILE = ModalTransition/Info.plist;
				LD_RUNPATH_SEARCH_PATHS = "$(inherited) @executable_path/Frameworks";
				PRODUCT_NAME = "$(TARGET_NAME)";
			};
			name = Debug;
		};
		9BEAB2AA1AB775900096F3A4 /* Release */ = {
			isa = XCBuildConfiguration;
			buildSettings = {
				ASSETCATALOG_COMPILER_APPICON_NAME = AppIcon;
				INFOPLIST_FILE = ModalTransition/Info.plist;
				LD_RUNPATH_SEARCH_PATHS = "$(inherited) @executable_path/Frameworks";
				PRODUCT_NAME = "$(TARGET_NAME)";
			};
			name = Release;
		};
		9BEAB2AC1AB775900096F3A4 /* Debug */ = {
			isa = XCBuildConfiguration;
			buildSettings = {
				BUNDLE_LOADER = "$(TEST_HOST)";
				FRAMEWORK_SEARCH_PATHS = (
					"$(SDKROOT)/Developer/Library/Frameworks",
					"$(inherited)",
				);
				GCC_PREPROCESSOR_DEFINITIONS = (
					"DEBUG=1",
					"$(inherited)",
				);
				INFOPLIST_FILE = ModalTransitionTests/Info.plist;
				LD_RUNPATH_SEARCH_PATHS = "$(inherited) @executable_path/Frameworks @loader_path/Frameworks";
				PRODUCT_NAME = "$(TARGET_NAME)";
				TEST_HOST = "$(BUILT_PRODUCTS_DIR)/ModalTransition.app/ModalTransition";
			};
			name = Debug;
		};
		9BEAB2AD1AB775900096F3A4 /* Release */ = {
			isa = XCBuildConfiguration;
			buildSettings = {
				BUNDLE_LOADER = "$(TEST_HOST)";
				FRAMEWORK_SEARCH_PATHS = (
					"$(SDKROOT)/Developer/Library/Frameworks",
					"$(inherited)",
				);
				INFOPLIST_FILE = ModalTransitionTests/Info.plist;
				LD_RUNPATH_SEARCH_PATHS = "$(inherited) @executable_path/Frameworks @loader_path/Frameworks";
				PRODUCT_NAME = "$(TARGET_NAME)";
				TEST_HOST = "$(BUILT_PRODUCTS_DIR)/ModalTransition.app/ModalTransition";
			};
			name = Release;
		};
/* End XCBuildConfiguration section */

/* Begin XCConfigurationList section */
		9BEAB2841AB7758F0096F3A4 /* Build configuration list for PBXProject "ModalTransition" */ = {
			isa = XCConfigurationList;
			buildConfigurations = (
				9BEAB2A61AB775900096F3A4 /* Debug */,
				9BEAB2A71AB775900096F3A4 /* Release */,
			);
			defaultConfigurationIsVisible = 0;
			defaultConfigurationName = Release;
		};
		9BEAB2A81AB775900096F3A4 /* Build configuration list for PBXNativeTarget "ModalTransition" */ = {
			isa = XCConfigurationList;
			buildConfigurations = (
				9BEAB2A91AB775900096F3A4 /* Debug */,
				9BEAB2AA1AB775900096F3A4 /* Release */,
			);
			defaultConfigurationIsVisible = 0;
		};
		9BEAB2AB1AB775900096F3A4 /* Build configuration list for PBXNativeTarget "ModalTransitionTests" */ = {
			isa = XCConfigurationList;
			buildConfigurations = (
				9BEAB2AC1AB775900096F3A4 /* Debug */,
				9BEAB2AD1AB775900096F3A4 /* Release */,
			);
			defaultConfigurationIsVisible = 0;
		};
/* End XCConfigurationList section */
	};
	rootObject = 9BEAB2811AB7758F0096F3A4 /* Project object */;
}
